<?xml version="1.0" encoding="utf-8"?>
<Project ToolsVersion="4.0" xmlns="http://schemas.microsoft.com/developer/msbuild/2003">
  <ItemGroup>
    <Filter Include="Source Files">
      <UniqueIdentifier>{4FC737F1-C7A5-4376-A066-2A32D752A2FF}</UniqueIdentifier>
      <Extensions>cpp;c;cc;cxx;def;odl;idl;hpj;bat;asm;asmx</Extensions>
    </Filter>
    <Filter Include="Header Files">
      <UniqueIdentifier>{93995380-89BD-4b04-88EB-625FBE52EBFB}</UniqueIdentifier>
      <Extensions>h;hh;hpp;hxx;hm;inl;inc;ipp;xsd</Extensions>
    </Filter>
    <Filter Include="Resource Files">
      <UniqueIdentifier>{67DA6AB6-F800-4c08-8B7A-83BB121AAD01}</UniqueIdentifier>
      <Extensions>rc;ico;cur;bmp;dlg;rc2;rct;bin;rgs;gif;jpg;jpeg;jpe;resx;tiff;tif;png;wav;mfcribbon-ms</Extensions>
    </Filter>
    <Filter Include="Source Files\Book">
      <UniqueIdentifier>{d61a08b8-55e9-4b3b-aace-98c990fd4b26}</UniqueIdentifier>
    </Filter>
    <Filter Include="Source Files\Media">
      <UniqueIdentifier>{903d91d9-c0ba-4e11-89ae-f192f5b677fa}</UniqueIdentifier>
    </Filter>
  </ItemGroup>
  <ItemGroup>
    <ClCompile Include="main.cpp">
      <Filter>Source Files</Filter>
    </ClCompile>
    <ClCompile Include="Game.cpp">
      <Filter>Source Files</Filter>
    </ClCompile>
  </ItemGroup>
  <ItemGroup>
    <ClInclude Include="stringhelpers.hpp">
      <Filter>Source Files\Book</Filter>
    </ClInclude>
    <ClInclude Include="Game.hpp">
      <Filter>Source Files\Book</Filter>
    </ClInclude>
  </ItemGroup>
  <ItemGroup>
    <None Include="StringHelpers.inl">
      <Filter>Source Files\Book</Filter>
    </None>
  </ItemGroup>
  <ItemGroup>
    <Font Include="..\Homework2\Media\stocky.ttf">
      <Filter>Source Files\Media</Filter>
    </Font>
  </ItemGroup>
  <ItemGroup>
    <Image Include="..\Homework2\Media\shroom.png">
      <Filter>Source Files\Media</Filter>
    </Image>
  </ItemGroup>
</Project>